{
    "_readme": [
        "This file locks the dependencies of your project to a known state",
        "Read more about it at https://getcomposer.org/doc/01-basic-usage.md#composer-lock-the-lock-file",
        "This file is @generated automatically"
    ],
    "content-hash": "1a80c69ef3cfe489e080300118e80a53",
    "packages": [
        {
            "name": "components/font-awesome",
            "version": "5.9.0",
            "source": {
                "type": "git",
                "url": "https://github.com/components/font-awesome.git",
                "reference": "1be57c473b964c8130f2dbd9edc4f64db5394114"
            },
            "dist": {
                "type": "zip",
                "url": "https://api.github.com/repos/components/font-awesome/zipball/1be57c473b964c8130f2dbd9edc4f64db5394114",
                "reference": "1be57c473b964c8130f2dbd9edc4f64db5394114",
                "shasum": ""
            },
            "type": "component",
            "extra": {
                "component": {
                    "styles": [
                        "css/all.css"
                    ],
                    "files": [
                        "css/all.min.css",
                        "webfonts/*"
                    ]
                }
            },
            "notification-url": "https://packagist.org/downloads/",
            "license": [
                "CC-BY-4.0",
                "MIT",
                "OFL-1.1"
            ],
            "description": "Font Awesome, the iconic SVG, font, and CSS framework.",
            "time": "2019-06-07T02:02:10+00:00"
        },
        {
            "name": "twbs/bootstrap",
            "version": "v4.0.0",
            "source": {
                "type": "git",
                "url": "https://github.com/twbs/bootstrap.git",
                "reference": "8a628b943cf31ca0a002c08af661a95772480225"
            },
            "dist": {
                "type": "zip",
                "url": "https://api.github.com/repos/twbs/bootstrap/zipball/8a628b943cf31ca0a002c08af661a95772480225",
                "reference": "8a628b943cf31ca0a002c08af661a95772480225",
                "shasum": ""
            },
            "replace": {
                "twitter/bootstrap": "self.version"
            },
            "type": "library",
            "extra": {
                "branch-alias": {
                    "dev-master": "3.3.x-dev"
                }
            },
            "notification-url": "https://packagist.org/downloads/",
            "license": [
                "MIT"
            ],
            "authors": [
                {
                    "name": "Jacob Thornton",
                    "email": "jacobthornton@gmail.com"
                },
                {
                    "name": "Mark Otto",
                    "email": "markdotto@gmail.com"
                }
            ],
            "description": "The most popular front-end framework for developing responsive, mobile first projects on the web.",
            "homepage": "https://getbootstrap.com",
            "keywords": [
                "JS",
                "css",
                "framework",
                "front-end",
                "mobile-first",
                "responsive",
                "sass",
                "web"
            ],
            "time": "2018-01-18T18:29:48+00:00"
        }
    ],
    "packages-dev": [],
    "aliases": [],
    "minimum-stability": "stable",
    "stability-flags": [],
    "prefer-stable": false,
    "prefer-lowest": false,
    "platform": [],
    "platform-dev": []
}
